
Microsoft Visual Studio Solution File, Format Version 12.00
# Visual Studio Version 16
VisualStudioVersion = 16.0.31729.503
MinimumVisualStudioVersion = 10.0.40219.1
Project("{FAE04EC0-301F-11D3-BF4B-00C04F79EFBC}") = "Lab3_WonhyukCho", "Lab3_WonhyukCho\Lab3_WonhyukCho.csproj", "{75AE76BB-1F98-4BC8-8819-CB3618B10CD1}"
EndProject
Global
	GlobalSection(SolutionConfigurationPlatforms) = preSolution
		Debug|Any CPU = Debug|Any CPU
		Release|Any CPU = Release|Any CPU
	EndGlobalSection
	GlobalSection(ProjectConfigurationPlatforms) = postSolution
		{75AE76BB-1F98-4BC8-8819-CB3618B10CD1}.Debug|Any CPU.ActiveCfg = Debug|Any CPU
		{75AE76BB-1F98-4BC8-8819-CB3618B10CD1}.Debug|Any CPU.Build.0 = Debug|Any CPU
		{75AE76BB-1F98-4BC8-8819-CB3618B10CD1}.Release|Any CPU.ActiveCfg = Release|Any CPU
		{75AE76BB-1F98-4BC8-8819-CB3618B10CD1}.Release|Any CPU.Build.0 = Release|Any CPU
	EndGlobalSection
	GlobalSection(SolutionProperties) = preSolution
		HideSolutionNode = FALSE
	EndGlobalSection
	GlobalSection(ExtensibilityGlobals) = postSolution
		SolutionGuid = {6D9C7CFE-0A1B-40DF-BCAA-044C362D914B}
	EndGlobalSection
	GlobalSection(SubversionScc) = preSolution
		Svn-Managed = True
		Manager = AnkhSVN2019 - Subversion Support for Visual Studio
	EndGlobalSection
EndGlobal
